
Microsoft Visual Studio Solution File, Format Version 12.00
# Visual Studio Version 17
VisualStudioVersion = 17.2.32602.215
MinimumVisualStudioVersion = 10.0.40219.1
Project("{9A19103F-16F7-4668-BE54-9A1E7A4F7556}") = "GreatForger", "GreatForger.csproj", "{1662705E-290C-4CD6-95F0-2C0353032385}"
EndProject
Global
	GlobalSection(SolutionConfigurationPlatforms) = preSolution
		Debug|Any CPU = Debug|Any CPU
		Release|Any CPU = Release|Any CPU
	EndGlobalSection
	GlobalSection(ProjectConfigurationPlatforms) = postSolution
		{1662705E-290C-4CD6-95F0-2C0353032385}.Debug|Any CPU.ActiveCfg = Debug|Any CPU
		{1662705E-290C-4CD6-95F0-2C0353032385}.Debug|Any CPU.Build.0 = Debug|Any CPU
		{1662705E-290C-4CD6-95F0-2C0353032385}.Release|Any CPU.ActiveCfg = Release|Any CPU
		{1662705E-290C-4CD6-95F0-2C0353032385}.Release|Any CPU.Build.0 = Release|Any CPU
	EndGlobalSection
	GlobalSection(SolutionProperties) = preSolution
		HideSolutionNode = FALSE
	EndGlobalSection
	GlobalSection(ExtensibilityGlobals) = postSolution
		SolutionGuid = {372AA9A5-BBB0-48BB-B80F-227A3BFE0E43}
	EndGlobalSection
EndGlobal
